{
  "lockfileVersion": 1,
  "configVersion": 1,
  "workspaces": {
    "": {
      "name": "tt",
      "dependencies": {
        "@opentui/core": "^0.5.10",
        "effect": "^3.22.1",
        "oxc-parser": "^0.148.0",
      },
      "devDependencies": {
        "@oxc-project/types": "^0.148.0",
        "@types/bun": "latest",
      },
      "peerDependencies": {
        "typescript": "^5",
      },
    },
  },
  "packages": {
    "@opentui/core": ["@opentui/core@0.5.10", "", { "dependencies": { "bun-ffi-structs": "0.3.1", "diff": "9.0.0", "marked": "17.0.1", "string-width": "7.2.0", "strip-ansi": "7.1.2" }, "optionalDependencies": { "@opentui/core-darwin-arm64": "0.5.10", "@opentui/core-darwin-x64": "0.5.10", "@opentui/core-linux-arm64": "0.5.10", "@opentui/core-linux-arm64-musl": "0.5.10", "@opentui/core-linux-x64": "0.5.10", "@opentui/core-linux-x64-musl": "0.5.10", "@opentui/core-win32-arm64": "0.5.10", "@opentui/core-win32-x64": "0.5.10" }, "peerDependencies": { "web-tree-sitter": "0.25.10" } }, "sha512-C3a2UbmefeAjIxAgm4BqjuSxKT4oqutfvYFwVvUgMxmGRHkNbBc/s7sukV0JgwcxFcV3uMFrXxo+E+BQtvuOiw=="],

    "@opentui/core-darwin-arm64": ["@opentui/core-darwin-arm64@0.5.10", "", { "os": "darwin", "cpu": "arm64" }, "sha512-Vyb+nTbhab8ZcRy5gg1loEEGwRcIbjAeVRIBfHBcbFDqmITBOg7x2gqJ+x/TnoOy4uwMhCmICUN2wiyREw3r1Q=="],

    "@opentui/core-darwin-x64": ["@opentui/core-darwin-x64@0.5.10", "", { "os": "darwin", "cpu": "x64" }, "sha512-tTFLcM7Oj1gTyhm/bUdAt3C6grZdCxPk6+/g2azcZBUlI3/62LwbeRS6HbQKFFmm+1fUmX8cq6kWrtul885mVg=="],

    "@opentui/core-linux-arm64": ["@opentui/core-linux-arm64@0.5.10", "", { "os": "linux", "cpu": "arm64" }, "sha512-ncJXcgudhBf2GdJyF3xVQN/Ec+1F7GOL+pRrURmgBYSj2v1w6EyoDQFAACtPTK2c3R38W6fvZwL4JSLlm4EFXQ=="],

    "@opentui/core-linux-arm64-musl": ["@opentui/core-linux-arm64-musl@0.5.10", "", { "os": "linux", "cpu": "arm64" }, "sha512-dGMphDKexSdeYqwl0wgoFBP88Ta/cdi1Zc1mk29/ENkSCGz+74zlCHgqTHRNGLmI8W5TfuUtCyktQH11/Z+TBQ=="],

    "@opentui/core-linux-x64": ["@opentui/core-linux-x64@0.5.10", "", { "os": "linux", "cpu": "x64" }, "sha512-5qtYaOgwVycZD1GaGshTRsi0rXPAmVExO03N1JQaHu+NYxK/vXSOc7Bu4QW0sPXx3Sp0SpzpP+FHjXABfoK66g=="],

    "@opentui/core-linux-x64-musl": ["@opentui/core-linux-x64-musl@0.5.10", "", { "os": "linux", "cpu": "x64" }, "sha512-Oj4H9hApuvuTKPWxh4SoZAgGJorR7vbvnrZA/cAkSMAk2VGSoHRRcqeXQbcH8IcdjVZ0KFpv8Zkl/D5Ye+2mew=="],

    "@opentui/core-win32-arm64": ["@opentui/core-win32-arm64@0.5.10", "", { "os": "win32", "cpu": "arm64" }, "sha512-A9VhgvTxQoUdZ+8LmUumEng1sQNbj9QQQT3NYG9mSxI54qTANi7vOWNSphMiY6RMVsr22pgm6nUvSSvJXv7Jog=="],

    "@opentui/core-win32-x64": ["@opentui/core-win32-x64@0.5.10", "", { "os": "win32", "cpu": "x64" }, "sha512-u3KHa7kEeWrmKVDRJYpxSGO+g5E9cMGlrmTsPN3GVPHUmQMiREUawLXUvsU8+IHaQnqG3Q5nuE1yf4fPBzS+Qw=="],

    "@oxc-parser/binding-android-arm-eabi": ["@oxc-parser/binding-android-arm-eabi@0.148.0", "", { "os": "android", "cpu": "arm" }, "sha512-pHASv9g5pASxb7akHERZNSkrEqPhFaUix98o7d9hbTpolnnFWl7UiRrcMhCsV1+iVO4/cJwKsbKRJTFNs2tdBQ=="],

    "@oxc-parser/binding-android-arm64": ["@oxc-parser/binding-android-arm64@0.148.0", "", { "os": "android", "cpu": "arm64" }, "sha512-sg/6Ez0KdAygsu0POELux9wN1Po2CP93WY8eNl4DBKIGprsd4QSHBXOb471Pu9i2OCD5sLkISSb2agZEhVn2Zw=="],

    "@oxc-parser/binding-darwin-arm64": ["@oxc-parser/binding-darwin-arm64@0.148.0", "", { "os": "darwin", "cpu": "arm64" }, "sha512-yiSJmzGUvCUaJT8X3j40gVcX+ckuHQMuiOtF8DvzTs5+JtB/7XuHFPp4M+vv5u+HlBtDUd4Ks5pyHpWz8mfnkg=="],

    "@oxc-parser/binding-darwin-x64": ["@oxc-parser/binding-darwin-x64@0.148.0", "", { "os": "darwin", "cpu": "x64" }, "sha512-6ZeklaamrMy4H2JmhvcJg6iip59tYILtuLaILxyAHT3l5FDxnI5ihVievAft5ZmAbqtlWHErOi1OpJK8gy1wcA=="],

    "@oxc-parser/binding-freebsd-x64": ["@oxc-parser/binding-freebsd-x64@0.148.0", "", { "os": "freebsd", "cpu": "x64" }, "sha512-vFsPx+a/qFECPnz/H8nC6x6MDvnWscLTCo/5muojEF54ERUq1kdgbvnWo95YnkhjF9sTIcG/uDxQBh1gffaufQ=="],

    "@oxc-parser/binding-linux-arm-gnueabihf": ["@oxc-parser/binding-linux-arm-gnueabihf@0.148.0", "", { "os": "linux", "cpu": "arm" }, "sha512-eOr3M+6iGbbxNL4PSS0VtsyQ2eOUxSBh00BqO22SbolDimPSYsBuLr/LCrZBkiqW2BoabhR6V4R8jrRAay7hjg=="],

    "@oxc-parser/binding-linux-arm-musleabihf": ["@oxc-parser/binding-linux-arm-musleabihf@0.148.0", "", { "os": "linux", "cpu": "arm" }, "sha512-58ZKDw0mQRbCNfrd2IDyV4o8T7enzGERJn41BH2tjrZVGyiKiFzcfDicuB7Zcpb/1xIOrObovr8Dja6lZi8dLw=="],

    "@oxc-parser/binding-linux-arm64-gnu": ["@oxc-parser/binding-linux-arm64-gnu@0.148.0", "", { "os": "linux", "cpu": "arm64" }, "sha512-Fnu95O4eZ5i++GPvIzBEZ8y4ddTLR+D9paYa8JRaRk6ZK7nHQiWP5xtrhcPQsXqgat1d7sU/d5rbbI0p1FTHSQ=="],

    "@oxc-parser/binding-linux-arm64-musl": ["@oxc-parser/binding-linux-arm64-musl@0.148.0", "", { "os": "linux", "cpu": "arm64" }, "sha512-3CQy/BMdx7N7H3qrcPxUL+a2CwUZodUcf6oq8iJuNZ9C6Ol1aq3mcWzsgySJ7CHFLvpX21ZDPp1r1X0QLbu/AQ=="],

    "@oxc-parser/binding-linux-ppc64-gnu": ["@oxc-parser/binding-linux-ppc64-gnu@0.148.0", "", { "os": "linux", "cpu": "ppc64" }, "sha512-9LkaYvfiF8hMOw900csAvkf1oxE8XlmMeGowu5BcastSSwV8mKvKRMNU7HsV+ycyj1dQD8pX5qgOw8ja6SJacg=="],

    "@oxc-parser/binding-linux-riscv64-gnu": ["@oxc-parser/binding-linux-riscv64-gnu@0.148.0", "", { "os": "linux", "cpu": "none" }, "sha512-2GBiM9h26dR4WJfhoMvnFMnFLf7m/kYs4UMqjvrOfQG4BV1nuTJDH22Zc2MQr3INZF7nSKYQ6xlhD3hQ7A6gug=="],

    "@oxc-parser/binding-linux-riscv64-musl": ["@oxc-parser/binding-linux-riscv64-musl@0.148.0", "", { "os": "linux", "cpu": "none" }, "sha512-uPqZexvKJmEgq4mAu36qe2xTfXZE7oyik1R7KtZ5tl8qKlq1U1fIqTFRUEBZqRGvforoTrGIpatRzcoPKO66RA=="],

    "@oxc-parser/binding-linux-s390x-gnu": ["@oxc-parser/binding-linux-s390x-gnu@0.148.0", "", { "os": "linux", "cpu": "s390x" }, "sha512-9oUHvnTbp7ZraFsTC8PN6XhdhPSSxZumYvixWl7Smi353gEULvK6yV0sXNVrdFMHQeaDKFCi8TgDhNK7/A+Y+Q=="],

    "@oxc-parser/binding-linux-x64-gnu": ["@oxc-parser/binding-linux-x64-gnu@0.148.0", "", { "os": "linux", "cpu": "x64" }, "sha512-2qhDSJwKzbSZzF7lDqqk8sr/yXsmwr3PeUa4/nazIF+zFAYz1gVPEfC34GQtGxzJUUmklaYAL63368LEfrMeyw=="],

    "@oxc-parser/binding-linux-x64-musl": ["@oxc-parser/binding-linux-x64-musl@0.148.0", "", { "os": "linux", "cpu": "x64" }, "sha512-qQoPDZUFV0bh9xA09XydmkjMBpgc1ukJuhMvzQ9QeVmFaHTS9W5TE5CoLmSl3QQyUP9OuHO3x/WPZTIIZPWR3Q=="],

    "@oxc-parser/binding-openharmony-arm64": ["@oxc-parser/binding-openharmony-arm64@0.148.0", "", { "os": "none", "cpu": "arm64" }, "sha512-1UGbaQWEXUCLqAmaR5kwRDjx/R4S5LQKZkM9CHmaHkuKhriOF32aRLfS0jCRNE2yGQJLMEA1z9UucbBVqjXnDw=="],

    "@oxc-parser/binding-win32-arm64-msvc": ["@oxc-parser/binding-win32-arm64-msvc@0.148.0", "", { "os": "win32", "cpu": "arm64" }, "sha512-pWKdzRDNG2+NK4h/V6U/CYERcfYD6u28h5IB/VJVsrZaD3muvE58tUj22lieL5vLZ+XFi1GPv9YXckZbJZ9BLA=="],

    "@oxc-parser/binding-win32-ia32-msvc": ["@oxc-parser/binding-win32-ia32-msvc@0.148.0", "", { "os": "win32", "cpu": "ia32" }, "sha512-i3p4x+mvwtjcE1J5HM6V7ggsbXiznExN/4MkNyOy3dfXrVV3bnkSfmZxvo6/84qCVX4ShkpNE1SKt9biIF31GQ=="],

    "@oxc-parser/binding-win32-x64-msvc": ["@oxc-parser/binding-win32-x64-msvc@0.148.0", "", { "os": "win32", "cpu": "x64" }, "sha512-Ye6vB7VQulghWYkYkECOBYFRVEizz4XyRTUAv+t8BuyurhKU7uD0P9eowL+mKG5Mf8MSYx+DI3Cm8SKZvYG7bQ=="],

    "@oxc-project/types": ["@oxc-project/types@0.148.0", "", {}, "sha512-Nm4s/jB+4FpFsPhWGEC4h7rzksesmtnMXomo6rCMcg/b8zLQuOziRgkCS1fxDCXOlJB/6Q8oABOZ/OP6RIPj9A=="],

    "@standard-schema/spec": ["@standard-schema/spec@1.1.0", "", {}, "sha512-l2aFy5jALhniG5HgqrD6jXLi/rUWrKvqN/qJx6yoJsgKhblVd+iqqU4RCXavm/jPityDo5TCvKMnpjKnOriy0w=="],

    "@types/bun": ["@types/bun@1.4.1", "", { "dependencies": { "bun-types": "1.4.1" } }, "sha512-0AVGiTXGajf1rgKom3N+c5L7CBxuoyyv1i44M0nX4UDK0G/fnRAMiri93nHuVPIb429KKtAgj7HatVmmOjeQLA=="],

    "@types/node": ["@types/node@26.4.1", "", { "dependencies": { "undici-types": "~8.3.0" } }, "sha512-k97ENvZWtvA6yqz5/FS6a7duDgOPEeOQOc2iKS/nY6mX6qJUKtLnWzQS+Xj6tXweyj6ZcTAK2Qecetnvi9nCLA=="],

    "ansi-regex": ["ansi-regex@6.3.0", "", {}, "sha512-WpDfL7NO6j7tH88IDBNVdUJxDh9nmCteAVW9dsep846XdwF4naCBK+/tGLX3KJgcpgMRXCFlTM2hKGoK9FsdrQ=="],

    "bun-ffi-structs": ["bun-ffi-structs@0.3.1", "", { "peerDependencies": { "typescript": "^5" } }, "sha512-3gM7PpVWLyrwxWjcilSiGuhWanhZivvo6l0u573NziPH6f/gwk6McbaYgn7oJWov6pKGRTDbrg94W5DcJsKTtQ=="],

    "bun-types": ["bun-types@1.4.1", "", { "dependencies": { "@types/node": "*" } }, "sha512-loKuVrAFZKfEv+JvWkHRS9GW5IqLuLRjVXN9p+vZvBN86O5hf/pBZQ5hSoyipsrMmWObZBDvWnlmKvjKTM0PdA=="],

    "diff": ["diff@9.0.0", "", {}, "sha512-svtcdpS8CgJyqAjEQIXdb3OjhFVVYjzGAPO8WGCmRbrml64SPw/jJD4GoE98aR7r25A0XcgrK3F02yw9R/vhQw=="],

    "effect": ["effect@3.22.1", "", { "dependencies": { "@standard-schema/spec": "^1.0.0", "fast-check": "^3.23.1" } }, "sha512-TNoXushmPOBAjJlthF5d2QwnX2xBPEtcNJr5XKNKbRLbDvBcOYkXlYDfvGfSA0zriwLFuCll5MDtNMAdZL17PQ=="],

    "emoji-regex": ["emoji-regex@10.6.0", "", {}, "sha512-toUI84YS5YmxW219erniWD0CIVOo46xGKColeNQRgOzDorgBi1v4D71/OFzgD9GO2UGKIv1C3Sp8DAn0+j5w7A=="],

    "fast-check": ["fast-check@3.23.2", "", { "dependencies": { "pure-rand": "^6.1.0" } }, "sha512-h5+1OzzfCC3Ef7VbtKdcv7zsstUQwUDlYpUTvjeUsJAssPgLn7QzbboPtL5ro04Mq0rPOsMzl7q5hIbRs2wD1A=="],

    "get-east-asian-width": ["get-east-asian-width@1.6.0", "", {}, "sha512-QRbvDIbx6YklUe6RxeTeleMR0yv3cYH6PsPZHcnVn7xv7zO1BHN8r0XETu8n6Ye3Q+ahtSarc3WgtNWmehIBfA=="],

    "marked": ["marked@17.0.1", "", { "bin": { "marked": "bin/marked.js" } }, "sha512-boeBdiS0ghpWcSwoNm/jJBwdpFaMnZWRzjA6SkUMYb40SVaN1x7mmfGKp0jvexGcx+7y2La5zRZsYFZI6Qpypg=="],

    "oxc-parser": ["oxc-parser@0.148.0", "", { "dependencies": { "@oxc-project/types": "^0.148.0" }, "optionalDependencies": { "@oxc-parser/binding-android-arm-eabi": "0.148.0", "@oxc-parser/binding-android-arm64": "0.148.0", "@oxc-parser/binding-darwin-arm64": "0.148.0", "@oxc-parser/binding-darwin-x64": "0.148.0", "@oxc-parser/binding-freebsd-x64": "0.148.0", "@oxc-parser/binding-linux-arm-gnueabihf": "0.148.0", "@oxc-parser/binding-linux-arm-musleabihf": "0.148.0", "@oxc-parser/binding-linux-arm64-gnu": "0.148.0", "@oxc-parser/binding-linux-arm64-musl": "0.148.0", "@oxc-parser/binding-linux-ppc64-gnu": "0.148.0", "@oxc-parser/binding-linux-riscv64-gnu": "0.148.0", "@oxc-parser/binding-linux-riscv64-musl": "0.148.0", "@oxc-parser/binding-linux-s390x-gnu": "0.148.0", "@oxc-parser/binding-linux-x64-gnu": "0.148.0", "@oxc-parser/binding-linux-x64-musl": "0.148.0", "@oxc-parser/binding-openharmony-arm64": "0.148.0", "@oxc-parser/binding-win32-arm64-msvc": "0.148.0", "@oxc-parser/binding-win32-ia32-msvc": "0.148.0", "@oxc-parser/binding-win32-x64-msvc": "0.148.0" } }, "sha512-syxUKHeUll89RIABQADcI7sikYrwyssvA6gj4phSSIPezKVM8yMaLAiLLSc7fmzVvrwybfFGFbW5zme9sX87rg=="],

    "pure-rand": ["pure-rand@6.1.0", "", {}, "sha512-bVWawvoZoBYpp6yIoQtQXHZjmz35RSVHnUOTefl8Vcjr8snTPY1wnpSPMWekcFwbxI6gtmT7rSYPFvz71ldiOA=="],

    "string-width": ["string-width@7.2.0", "", { "dependencies": { "emoji-regex": "^10.3.0", "get-east-asian-width": "^1.0.0", "strip-ansi": "^7.1.0" } }, "sha512-tsaTIkKW9b4N+AEj+SVA+WhJzV7/zMhcSu78mLKWSk7cXMOSHsBKFWUs0fWwq8QyK3MgJBQRX6Gbi4kYbdvGkQ=="],

    "strip-ansi": ["strip-ansi@7.1.2", "", { "dependencies": { "ansi-regex": "^6.0.1" } }, "sha512-gmBGslpoQJtgnMAvOVqGZpEz9dyoKTCzy2nfz/n8aIFhN/jCE/rCmcxabB6jOOHV+0WNnylOxaxBQPSvcWklhA=="],

    "typescript": ["typescript@5.9.3", "", { "bin": { "tsc": "bin/tsc", "tsserver": "bin/tsserver" } }, "sha512-jl1vZzPDinLr9eUt3J/t7V6FgNEw9QjvBPdysz9KfQDD41fQrC2Y4vKQdiaUpFT4bXlb1RHhLpp8wtm6M5TgSw=="],

    "undici-types": ["undici-types@8.3.0", "", {}, "sha512-j375ScV60dom+YkPFIfTLcOiPxkN/buHz5GobjLhixFuANaNs3C9l4GmrWqejgXWJ7BbJcFYpTEUkS1Ge8bpZQ=="],

    "web-tree-sitter": ["web-tree-sitter@0.25.10", "", { "peerDependencies": { "@types/emscripten": "^1.40.0" }, "optionalPeers": ["@types/emscripten"] }, "sha512-Y09sF44/13XvgVKgO2cNDw5rGk6s26MgoZPXLESvMXeefBf7i6/73eFurre0IsTW6E14Y0ArIzhUMmjoc7xyzA=="],
  }
}
